{
  "lockfileVersion": 1,
  "configVersion": 1,
  "workspaces": {
    "": {
      "name": "voby",
      "dependencies": {
        "htm": "^3.1.1",
        "oby": "^15.1.1",
      },
      "devDependencies": {
        "@types/node": "^18.19.28",
        "tsex": "^3.2.1",
        "typescript": "^5.4.3",
      },
    },
  },
  "packages": {
    "@types/node": ["@types/node@18.19.130", "", { "dependencies": { "undici-types": "~5.26.4" } }, "sha512-GRaXQx6jGfL8sKfaIDD6OupbIHBr9jv7Jnaml9tB7l4v068PAOXqfcujMMo5PhbIs6ggR1XODELqahT2R8v0fg=="],

    "ansi-purge": ["ansi-purge@1.1.0", "", {}, "sha512-sa1KWMANfZurQkYemaVNNJh8gRF0iUJvcVNxvjPlYM9pPPTB0v+VKH/mFRz4s6gXA8plimQXorJSqJgutxUs8g=="],

    "atomically": ["atomically@2.1.0", "", { "dependencies": { "stubborn-fs": "^2.0.0", "when-exit": "^2.1.4" } }, "sha512-+gDffFXRW6sl/HCwbta7zK4uNqbPjv4YJEAdz7Vu+FLQHe77eZ4bvbJGi4hE0QPeJlMYMA3piXEr1UL3dAwx7Q=="],

    "dettle": ["dettle@1.0.5", "", {}, "sha512-ZVyjhAJ7sCe1PNXEGveObOH9AC8QvMga3HJIghHawtG7mE4K5pW9nz/vDGAr/U7a3LWgdOzEE7ac9MURnyfaTA=="],

    "fast-string-truncated-width": ["fast-string-truncated-width@3.0.3", "", {}, "sha512-0jjjIEL6+0jag3l2XWWizO64/aZVtpiGE3t0Zgqxv0DPuxiMjvB3M24fCyhZUO4KomJQPj3LTSUnDP3GpdwC0g=="],

    "fast-string-width": ["fast-string-width@3.0.2", "", { "dependencies": { "fast-string-truncated-width": "^3.0.2" } }, "sha512-gX8LrtNEI5hq8DVUfRQMbr5lpaS4nMIWV+7XEbXk2b8kiQIizgnlr12B4dA3ZEx3308ze0O4Q1R+cHts8kyUJg=="],

    "find-up-json": ["find-up-json@2.0.5", "", { "dependencies": { "find-up-path": "^1.0.1" } }, "sha512-1zZZUfD1GOOEEd1AqwbRmCkCCv1O9t0vOpCYgmzfJqKty8WKaKlDyxWej8Aew+vI5lvDiTviaQuaVuu6GzlHzQ=="],

    "find-up-path": ["find-up-path@1.0.1", "", {}, "sha512-cl4Sfxufq9WK848L887b4r+NVZoBjMeB4QydPZ+pXbp6Jt2nUVspTo2svNOm48stIIeSxtuCsULa9+e+LMTzwA=="],

    "get-current-package": ["get-current-package@1.0.1", "", { "dependencies": { "find-up-json": "^2.0.5" } }, "sha512-c/Rw5ByDQ+zg+Lh/emBWv0bDpugEFdmXPR6/srIemVtIvol0XbT0JAr8Db0cX+Jj/xY9wj1wdjeq2qNB35Tayg=="],

    "htm": ["htm@3.1.1", "", {}, "sha512-983Vyg8NwUE7JkZ6NmOqpCZ+sh1bKv2iYTlUkzlWmA5JD2acKoxd4KVxbMmxX/85mtfdnDmTFoNKcg5DGAvxNQ=="],

    "ionstore": ["ionstore@1.0.1", "", {}, "sha512-g+99vyka3EiNFJCnbq3NxegjV211RzGtkDUMbZGB01Con8ZqUmMx/FpWMeqgDXOqgM7QoVeDhe+CfYCWznaDVA=="],

    "oby": ["oby@15.1.2", "", {}, "sha512-6QD9iEoPzV+pMDdcg3RtFWhgDX8pS5hZouVHvgXGDy3Q9RxFfnI3CYv9i62keeuX+qk6iN2z5E9FD3q3OckZ6A=="],

    "promise-make-counter": ["promise-make-counter@1.0.2", "", { "dependencies": { "promise-make-naked": "^3.0.2" } }, "sha512-FJAxTBWQuQoAs4ZOYuKX1FHXxEgKLEzBxUvwr4RoOglkTpOjWuM+RXsK3M9q5lMa8kjqctUrhwYeZFT4ygsnag=="],

    "promise-make-naked": ["promise-make-naked@3.0.2", "", {}, "sha512-B+b+kQ1YrYS7zO7P7bQcoqqMUizP06BOyNSBEnB5VJKDSWo8fsVuDkfSmwdjF0JsRtaNh83so5MMFJ95soH5jg=="],

    "specialist": ["specialist@1.4.5", "", { "dependencies": { "tiny-bin": "^1.10.3", "tiny-colors": "^2.2.2", "tiny-parse-argv": "^2.8.1", "tiny-updater": "^3.5.3" } }, "sha512-4mPQEREzBUW2hzlXX/dWFbQdUWzpkqvMFVpUAdRlo1lUlhKMObDHiAo09oZ94x4cS3uWMJebPOTn+GaQYLfv3Q=="],

    "stubborn-fs": ["stubborn-fs@2.0.0", "", { "dependencies": { "stubborn-utils": "^1.0.1" } }, "sha512-Y0AvSwDw8y+nlSNFXMm2g6L51rBGdAQT20J3YSOqxC53Lo3bjWRtr2BKcfYoAf352WYpsZSTURrA0tqhfgudPA=="],

    "stubborn-utils": ["stubborn-utils@1.0.2", "", {}, "sha512-zOh9jPYI+xrNOyisSelgym4tolKTJCQd5GBhK0+0xJvcYDcwlOoxF/rnFKQ2KRZknXSG9jWAp66fwP6AxN9STg=="],

    "tiny-bin": ["tiny-bin@1.11.3", "", { "dependencies": { "ansi-purge": "^1.0.1", "fast-string-width": "^3.0.1", "get-current-package": "^1.0.1", "tiny-colors": "^2.2.2", "tiny-levenshtein": "^1.1.0", "tiny-parse-argv": "^2.8.2", "tiny-updater": "^3.5.3" } }, "sha512-CrBbiKsvJN4bHSDA0cPau4t5KWdGUUAcTXQ8bB14XNqNY+68UZF4Zo7WRVdHLq0j0GYZjIRbNDg+zJbJXDEXeg=="],

    "tiny-colors": ["tiny-colors@2.2.2", "", {}, "sha512-Elmv7JL+dX0c78caKEelH1nHHBskHzJkaqBRgVvQuxsvVA/Z9Fa2R3ZZtfmkkajcd18e96RLMwJvtFqC8jsZWA=="],

    "tiny-jsonc": ["tiny-jsonc@1.0.2", "", {}, "sha512-f5QDAfLq6zIVSyCZQZhhyl0QS6MvAyTxgz4X4x3+EoCktNWEYJ6PeoEA97fyb98njpBNNi88ybpD7m+BDFXaCw=="],

    "tiny-levenshtein": ["tiny-levenshtein@1.1.0", "", {}, "sha512-sU4wduNrjb2e51rgPOTy6nx3ag8pQPFA9XQCQQsFmECWEDS23LEoYsZv3fhVuJNIcxzBNMvCDDb7e/PPOP+vxw=="],

    "tiny-parse-argv": ["tiny-parse-argv@2.8.2", "", {}, "sha512-RnIDHQ+r9zMuslQWVoRxfKVOumteeheQqbwNYJyQxzM2vzx/vdN5xAeL64F3rQOpfbVdxFkhM4zPDyfq7SxsBQ=="],

    "tiny-readdir": ["tiny-readdir@2.7.4", "", { "dependencies": { "promise-make-counter": "^1.0.2" } }, "sha512-721U+zsYwDirjr8IM6jqpesD/McpZooeFi3Zc6mcjy1pse2C+v19eHPFRqz4chGXZFw7C3KITDjAtHETc2wj7Q=="],

    "tiny-updater": ["tiny-updater@3.5.3", "", { "dependencies": { "ionstore": "^1.0.1", "tiny-colors": "^2.2.2", "when-exit": "^2.1.4" } }, "sha512-wEUssfOOkVLg2raSaRbyZDHpVCDj6fnp7UjynpNE4XGuF+Gkj8GRRMoHdfk73VzLQs/AHKsbY8fCxXNz8Hx4Qg=="],

    "tsex": ["tsex@3.2.1", "", { "dependencies": { "atomically": "^2.0.2", "dettle": "^1.0.1", "specialist": "^1.3.0", "tiny-jsonc": "^1.0.1", "tiny-readdir": "^2.2.0", "watcher": "^2.3.0" }, "bin": { "tsex": "dist/bin.js" } }, "sha512-Qtxlma+ylfx9uaHlZQkJcukFp8y1LWXsXJxT7lz2GgLZ+5G+Ebz3NOUDAW7+0sqgWSZXAG/tDfczyR9PMUuHDg=="],

    "typescript": ["typescript@5.9.3", "", { "bin": { "tsc": "bin/tsc", "tsserver": "bin/tsserver" } }, "sha512-jl1vZzPDinLr9eUt3J/t7V6FgNEw9QjvBPdysz9KfQDD41fQrC2Y4vKQdiaUpFT4bXlb1RHhLpp8wtm6M5TgSw=="],

    "undici-types": ["undici-types@5.26.5", "", {}, "sha512-JlCMO+ehdEIKqlFxk6IfVoAUVmgz7cU7zD/h9XZ0qzeosSHmUJVOzSQvvYSYWXkFXC+IfLKSIffhv0sVZup6pA=="],

    "watcher": ["watcher@2.3.1", "", { "dependencies": { "dettle": "^1.0.2", "stubborn-fs": "^1.2.5", "tiny-readdir": "^2.7.2" } }, "sha512-d3yl+ey35h05r5EFP0TafE2jsmQUJ9cc2aernRVyAkZiu0J3+3TbNugNcqdUJDoWOfL2p+bNsN427stsBC/HnA=="],

    "when-exit": ["when-exit@2.1.5", "", {}, "sha512-VGkKJ564kzt6Ms1dbgPP/yuIoQCrsFAnRbptpC5wOEsDaNsbCB2bnfnaA8i/vRs5tjUSEOtIuvl9/MyVsvQZCg=="],

    "watcher/stubborn-fs": ["stubborn-fs@1.2.5", "", {}, "sha512-H2N9c26eXjzL/S/K+i/RHHcFanE74dptvvjM8iwzwbVcWY/zjBbgRqF3K0DY4+OD+uTTASTBvDoxPDaPN02D7g=="],
  }
}
